
Microsoft Visual Studio Solution File, Format Version 12.00
Project("{2150E333-8FDC-42A3-9474-1A3956D46DE8}") = "src", "src", "{A52DBD07-5FBC-469E-A320-6304C2D0D09F}"
EndProject
Project("{2150E333-8FDC-42A3-9474-1A3956D46DE8}") = "test", "test", "{CFED35FA-0B2C-4D9D-AE09-C838F98AF2BC}"
EndProject
Project("{FAE04EC0-301F-11D3-BF4B-00C04F79EFBC}") = "CleanArchitectureApi.Domain", "src\CleanArchitectureApi.Domain\CleanArchitectureApi.Domain.csproj", "{41C8F9E9-E633-4BF3-8E69-B3B3D79B3902}"
EndProject
Project("{FAE04EC0-301F-11D3-BF4B-00C04F79EFBC}") = "CleanArchitectureApi.Application", "src\CleanArchitectureApi.Application\CleanArchitectureApi.Application.csproj", "{E4C893EC-4C56-4D5D-B4DD-17452256466B}"
EndProject
Project("{FAE04EC0-301F-11D3-BF4B-00C04F79EFBC}") = "CleanArchitectureApi.Infrastructure", "src\CleanArchitectureApi.Infrastructure\CleanArchitectureApi.Infrastructure.csproj", "{FB5EB3B0-495F-4E87-A2DF-DE3FA1340E31}"
EndProject
Project("{2150E333-8FDC-42A3-9474-1A3956D46DE8}") = "Solution Items", "Solution Items", "{14F11F2E-B675-4E27-B3AA-9260D6AB805D}"
	ProjectSection(SolutionItems) = preProject
		compose.yaml = compose.yaml
	EndProjectSection
EndProject
Project("{FAE04EC0-301F-11D3-BF4B-00C04F79EFBC}") = "CleanArchitectureApi.Api", "src\CleanArchitectureApi.Api\CleanArchitectureApi.Api.csproj", "{72737996-7CDF-40CF-8819-079C825BAFFB}"
EndProject
Project("{FAE04EC0-301F-11D3-BF4B-00C04F79EFBC}") = "CleanArchitectureApi.DomainTests", "test\CleanArchitectureApi.DomainTests\CleanArchitectureApi.DomainTests.csproj", "{7B576A15-85AD-4290-ACD6-F5964F5E20D6}"
EndProject
Global
	GlobalSection(SolutionConfigurationPlatforms) = preSolution
		Debug|Any CPU = Debug|Any CPU
		Release|Any CPU = Release|Any CPU
	EndGlobalSection
	GlobalSection(NestedProjects) = preSolution
		{41C8F9E9-E633-4BF3-8E69-B3B3D79B3902} = {A52DBD07-5FBC-469E-A320-6304C2D0D09F}
		{E4C893EC-4C56-4D5D-B4DD-17452256466B} = {A52DBD07-5FBC-469E-A320-6304C2D0D09F}
		{FB5EB3B0-495F-4E87-A2DF-DE3FA1340E31} = {A52DBD07-5FBC-469E-A320-6304C2D0D09F}
		{72737996-7CDF-40CF-8819-079C825BAFFB} = {A52DBD07-5FBC-469E-A320-6304C2D0D09F}
	EndGlobalSection
	GlobalSection(ProjectConfigurationPlatforms) = postSolution
		{41C8F9E9-E633-4BF3-8E69-B3B3D79B3902}.Debug|Any CPU.ActiveCfg = Debug|Any CPU
		{41C8F9E9-E633-4BF3-8E69-B3B3D79B3902}.Debug|Any CPU.Build.0 = Debug|Any CPU
		{41C8F9E9-E633-4BF3-8E69-B3B3D79B3902}.Release|Any CPU.ActiveCfg = Release|Any CPU
		{41C8F9E9-E633-4BF3-8E69-B3B3D79B3902}.Release|Any CPU.Build.0 = Release|Any CPU
		{E4C893EC-4C56-4D5D-B4DD-17452256466B}.Debug|Any CPU.ActiveCfg = Debug|Any CPU
		{E4C893EC-4C56-4D5D-B4DD-17452256466B}.Debug|Any CPU.Build.0 = Debug|Any CPU
		{E4C893EC-4C56-4D5D-B4DD-17452256466B}.Release|Any CPU.ActiveCfg = Release|Any CPU
		{E4C893EC-4C56-4D5D-B4DD-17452256466B}.Release|Any CPU.Build.0 = Release|Any CPU
		{FB5EB3B0-495F-4E87-A2DF-DE3FA1340E31}.Debug|Any CPU.ActiveCfg = Debug|Any CPU
		{FB5EB3B0-495F-4E87-A2DF-DE3FA1340E31}.Debug|Any CPU.Build.0 = Debug|Any CPU
		{FB5EB3B0-495F-4E87-A2DF-DE3FA1340E31}.Release|Any CPU.ActiveCfg = Release|Any CPU
		{FB5EB3B0-495F-4E87-A2DF-DE3FA1340E31}.Release|Any CPU.Build.0 = Release|Any CPU
		{72737996-7CDF-40CF-8819-079C825BAFFB}.Debug|Any CPU.ActiveCfg = Debug|Any CPU
		{72737996-7CDF-40CF-8819-079C825BAFFB}.Debug|Any CPU.Build.0 = Debug|Any CPU
		{72737996-7CDF-40CF-8819-079C825BAFFB}.Release|Any CPU.ActiveCfg = Release|Any CPU
		{72737996-7CDF-40CF-8819-079C825BAFFB}.Release|Any CPU.Build.0 = Release|Any CPU
		{7B576A15-85AD-4290-ACD6-F5964F5E20D6}.Debug|Any CPU.ActiveCfg = Debug|Any CPU
		{7B576A15-85AD-4290-ACD6-F5964F5E20D6}.Debug|Any CPU.Build.0 = Debug|Any CPU
		{7B576A15-85AD-4290-ACD6-F5964F5E20D6}.Release|Any CPU.ActiveCfg = Release|Any CPU
		{7B576A15-85AD-4290-ACD6-F5964F5E20D6}.Release|Any CPU.Build.0 = Release|Any CPU
	EndGlobalSection
EndGlobal
